
Microsoft Visual Studio Solution File, Format Version 12.00
# Visual Studio Version 17
VisualStudioVersion = 17.3.32922.545
MinimumVisualStudioVersion = 10.0.40219.1
Project("{FAE04EC0-301F-11D3-BF4B-00C04F79EFBC}") = "Russian_Roulette", "Russian_Roulette.csproj", "{166A4B45-42C8-49EE-B7AE-448F0D53762E}"
EndProject
Global
	GlobalSection(SolutionConfigurationPlatforms) = preSolution
		Debug|Any CPU = Debug|Any CPU
		Release|Any CPU = Release|Any CPU
	EndGlobalSection
	GlobalSection(ProjectConfigurationPlatforms) = postSolution
		{166A4B45-42C8-49EE-B7AE-448F0D53762E}.Debug|Any CPU.ActiveCfg = Debug|Any CPU
		{166A4B45-42C8-49EE-B7AE-448F0D53762E}.Debug|Any CPU.Build.0 = Debug|Any CPU
		{166A4B45-42C8-49EE-B7AE-448F0D53762E}.Release|Any CPU.ActiveCfg = Release|Any CPU
		{166A4B45-42C8-49EE-B7AE-448F0D53762E}.Release|Any CPU.Build.0 = Release|Any CPU
	EndGlobalSection
	GlobalSection(SolutionProperties) = preSolution
		HideSolutionNode = FALSE
	EndGlobalSection
	GlobalSection(ExtensibilityGlobals) = postSolution
		SolutionGuid = {214F7922-518A-442F-8CE7-502CAF66E143}
	EndGlobalSection
EndGlobal
